
Microsoft Visual Studio Solution File, Format Version 12.00
# Visual Studio Version 17
VisualStudioVersion = 17.7.34031.279
MinimumVisualStudioVersion = 10.0.40219.1
Project("{8BC9CEB8-8B4A-11D0-8D11-00A0C91BC942}") = "Atv", "Atv.vcxproj", "{14AE0ACB-74F6-4236-A892-3BAECA39FF55}"
EndProject
Global
	GlobalSection(SolutionConfigurationPlatforms) = preSolution
		Debug|x64 = Debug|x64
		Debug|x86 = Debug|x86
		Release|x64 = Release|x64
		Release|x86 = Release|x86
	EndGlobalSection
	GlobalSection(ProjectConfigurationPlatforms) = postSolution
		{14AE0ACB-74F6-4236-A892-3BAECA39FF55}.Debug|x64.ActiveCfg = Debug|x64
		{14AE0ACB-74F6-4236-A892-3BAECA39FF55}.Debug|x64.Build.0 = Debug|x64
		{14AE0ACB-74F6-4236-A892-3BAECA39FF55}.Debug|x86.ActiveCfg = Debug|Win32
		{14AE0ACB-74F6-4236-A892-3BAECA39FF55}.Debug|x86.Build.0 = Debug|Win32
		{14AE0ACB-74F6-4236-A892-3BAECA39FF55}.Release|x64.ActiveCfg = Release|x64
		{14AE0ACB-74F6-4236-A892-3BAECA39FF55}.Release|x64.Build.0 = Release|x64
		{14AE0ACB-74F6-4236-A892-3BAECA39FF55}.Release|x86.ActiveCfg = Release|Win32
		{14AE0ACB-74F6-4236-A892-3BAECA39FF55}.Release|x86.Build.0 = Release|Win32
	EndGlobalSection
	GlobalSection(SolutionProperties) = preSolution
		HideSolutionNode = FALSE
	EndGlobalSection
	GlobalSection(ExtensibilityGlobals) = postSolution
		SolutionGuid = {26AE78C0-64E4-482D-93A7-54A868F44711}
	EndGlobalSection
EndGlobal
